
Microsoft Visual Studio Solution File, Format Version 12.00
# Visual Studio Version 17
VisualStudioVersion = 17.0.31903.59
MinimumVisualStudioVersion = 10.0.40219.1
Project("{FAE04EC0-301F-11D3-BF4B-00C04F79EFBC}") = "FakeProcess.UI", "src\FakeProcess.UI\FakeProcess.UI.csproj", "{1B019BA8-846B-4DCA-A5EF-9DB6E703B5B0}"
EndProject
Project("{FAE04EC0-301F-11D3-BF4B-00C04F79EFBC}") = "FakeProcess.Domain", "src\FakeProcess.Domain\FakeProcess.Domain.csproj", "{C01DE7F1-C63A-4C78-B416-E1D14A40E5F1}"
EndProject
Global
	GlobalSection(SolutionConfigurationPlatforms) = preSolution
		Debug|Any CPU = Debug|Any CPU
		Release|Any CPU = Release|Any CPU
	EndGlobalSection
	GlobalSection(ProjectConfigurationPlatforms) = postSolution
		{1B019BA8-846B-4DCA-A5EF-9DB6E703B5B0}.Debug|Any CPU.ActiveCfg = Debug|Any CPU
		{1B019BA8-846B-4DCA-A5EF-9DB6E703B5B0}.Debug|Any CPU.Build.0 = Debug|Any CPU
		{1B019BA8-846B-4DCA-A5EF-9DB6E703B5B0}.Release|Any CPU.ActiveCfg = Release|Any CPU
		{1B019BA8-846B-4DCA-A5EF-9DB6E703B5B0}.Release|Any CPU.Build.0 = Release|Any CPU
		{C01DE7F1-C63A-4C78-B416-E1D14A40E5F1}.Debug|Any CPU.ActiveCfg = Debug|Any CPU
		{C01DE7F1-C63A-4C78-B416-E1D14A40E5F1}.Debug|Any CPU.Build.0 = Debug|Any CPU
		{C01DE7F1-C63A-4C78-B416-E1D14A40E5F1}.Release|Any CPU.ActiveCfg = Release|Any CPU
		{C01DE7F1-C63A-4C78-B416-E1D14A40E5F1}.Release|Any CPU.Build.0 = Release|Any CPU
	EndGlobalSection
	GlobalSection(SolutionProperties) = preSolution
		HideSolutionNode = FALSE
	EndGlobalSection
	GlobalSection(ExtensibilityGlobals) = postSolution
		SolutionGuid = {D07183C5-FA48-415E-9035-2A9091055CAD}
	EndGlobalSection
EndGlobal
